<?xml version="1.0" encoding="utf-8"?>
<Project ToolsVersion="4.0" xmlns="http://schemas.microsoft.com/developer/msbuild/2003">
  <ItemGroup>
    <Filter Include="Source Files">
      <UniqueIdentifier>{85324d5b-f492-4e6b-a22f-0332fb106f41}</UniqueIdentifier>
    </Filter>
    <Filter Include="Source Files\headera">
      <UniqueIdentifier>{6a376286-8c31-4f2d-afa4-51ddbb1f1e10}</UniqueIdentifier>
    </Filter>
    <Filter Include="Entities">
      <UniqueIdentifier>{20917b31-3e57-4935-8c3c-1f0d29c39b32}</UniqueIdentifier>
    </Filter>
    <Filter Include="Events">
      <UniqueIdentifier>{1172f156-28ed-4b71-97db-f44ac46fe72a}</UniqueIdentifier>
    </Filter>
  </ItemGroup>
  <ItemGroup>
    <ClCompile Include="main.cpp">
      <Filter>Source Files</Filter>
    </ClCompile>
    <ClCompile Include="src\Simulation\Clinic.cpp" />
    <ClCompile Include="src\Entities\Doctor.cpp">
      <Filter>Entities</Filter>
    </ClCompile>
    <ClCompile Include="src\Entities\Branch.cpp">
      <Filter>Entities</Filter>
    </ClCompile>
    <ClCompile Include="src\Events\CheckIn.cpp" />
    <ClCompile Include="src\Events\Leave.cpp" />
    <ClCompile Include="src\Events\Urgent.cpp" />
    <ClCompile Include="src\Entities\Patient.cpp" />
    <ClCompile Include="src\IO\FileManager.cpp" />
    <ClCompile Include="src\IO\Statistics.cpp" />
  </ItemGroup>
  <ItemGroup>
    <ClInclude Include="include\IO\Statistics.h" />
    <ClInclude Include="include\DataStructures\Queue.h" />
    <ClInclude Include="include\DataStructures\PriorityQueue.h" />
    <ClInclude Include="include\DataStructures\LookupTable.h" />
    <ClInclude Include="include\DataStructures\LinkedList.h" />
    <ClInclude Include="include\IO\FileManager.h" />
    <ClInclude Include="include\Simulation\Clinic.h" />
    <ClInclude Include="include\Entities\Patient.h">
      <Filter>Entities</Filter>
    </ClInclude>
    <ClInclude Include="include\Entities\Doctor.h">
      <Filter>Entities</Filter>
    </ClInclude>
    <ClInclude Include="include\Entities\Branch.h">
      <Filter>Entities</Filter>
    </ClInclude>
    <ClInclude Include="include\Events\CheckIn.h" />
    <ClInclude Include="include\Events\Leave.h" />
    <ClInclude Include="include\Events\Urgent.h" />
    <ClInclude Include="include\Events\Event.h" />
  </ItemGroup>
</Project>