<?xml version="1.0" encoding="utf-8"?>
<Project ToolsVersion="4.0" xmlns="http://schemas.microsoft.com/developer/msbuild/2003">
  <ItemGroup>
    <Filter Include="Source Files">
      <UniqueIdentifier>{85324d5b-f492-4e6b-a22f-0332fb106f41}</UniqueIdentifier>
    </Filter>
    <Filter Include="Source Files\headera">
      <UniqueIdentifier>{6a376286-8c31-4f2d-afa4-51ddbb1f1e10}</UniqueIdentifier>
    </Filter>
  </ItemGroup>
  <ItemGroup>
    <ClCompile Include="main.cpp">
      <Filter>Source Files</Filter>
    </ClCompile>
  </ItemGroup>
  <ItemGroup>
    <ClInclude Include="include\Events\UrgentEvent.h" />
    <ClInclude Include="include\IO\Statistics.h" />
    <ClInclude Include="include\DataStructures\Queue.h" />
    <ClInclude Include="include\DataStructures\PriorityQueue.h" />
    <ClInclude Include="include\Entities\Patient.h" />
    <ClInclude Include="include\DataStructures\LookupTable.h" />
    <ClInclude Include="include\DataStructures\LinkedList.h" />
    <ClInclude Include="include\Events\LeaveEvent.h" />
    <ClInclude Include="include\IO\FileManager.h" />
    <ClInclude Include="include\Events\Event.h" />
    <ClInclude Include="include\Entities\Doctor.h" />
    <ClInclude Include="include\Simulation\Clinic.h" />
    <ClInclude Include="include\Events\CheckInEvent.h" />
    <ClInclude Include="include\Entities\Branch.h" />
  </ItemGroup>
</Project>